
Microsoft Visual Studio Solution File, Format Version 12.00
# Visual Studio Version 17
VisualStudioVersion = 17.1.32210.238
MinimumVisualStudioVersion = 10.0.40219.1
Project("{FAE04EC0-301F-11D3-BF4B-00C04F79EFBC}") = "Task1", "LabWork39\Task1.csproj", "{597CFD01-BE37-40C4-B4D4-63CE87390ED2}"
EndProject
Project("{FAE04EC0-301F-11D3-BF4B-00C04F79EFBC}") = "Task2", "Task2\Task2.csproj", "{EB494C41-13AF-4278-97B9-D31680E9FA63}"
EndProject
Project("{FAE04EC0-301F-11D3-BF4B-00C04F79EFBC}") = "Task3", "Task3\Task3.csproj", "{E95782E1-158F-426A-9431-780F1E60B886}"
EndProject
Project("{FAE04EC0-301F-11D3-BF4B-00C04F79EFBC}") = "Task4", "Task4\Task4.csproj", "{B3052444-85EB-4DAC-81DB-6E6E622AEE61}"
EndProject
Project("{FAE04EC0-301F-11D3-BF4B-00C04F79EFBC}") = "Task5", "Task5\Task5.csproj", "{7CDFDB41-A12A-4CA6-945D-3A3D690AF970}"
EndProject
Global
	GlobalSection(SolutionConfigurationPlatforms) = preSolution
		Debug|Any CPU = Debug|Any CPU
		Release|Any CPU = Release|Any CPU
	EndGlobalSection
	GlobalSection(ProjectConfigurationPlatforms) = postSolution
		{597CFD01-BE37-40C4-B4D4-63CE87390ED2}.Debug|Any CPU.ActiveCfg = Debug|Any CPU
		{597CFD01-BE37-40C4-B4D4-63CE87390ED2}.Debug|Any CPU.Build.0 = Debug|Any CPU
		{597CFD01-BE37-40C4-B4D4-63CE87390ED2}.Release|Any CPU.ActiveCfg = Release|Any CPU
		{597CFD01-BE37-40C4-B4D4-63CE87390ED2}.Release|Any CPU.Build.0 = Release|Any CPU
		{EB494C41-13AF-4278-97B9-D31680E9FA63}.Debug|Any CPU.ActiveCfg = Debug|Any CPU
		{EB494C41-13AF-4278-97B9-D31680E9FA63}.Debug|Any CPU.Build.0 = Debug|Any CPU
		{EB494C41-13AF-4278-97B9-D31680E9FA63}.Release|Any CPU.ActiveCfg = Release|Any CPU
		{EB494C41-13AF-4278-97B9-D31680E9FA63}.Release|Any CPU.Build.0 = Release|Any CPU
		{E95782E1-158F-426A-9431-780F1E60B886}.Debug|Any CPU.ActiveCfg = Debug|Any CPU
		{E95782E1-158F-426A-9431-780F1E60B886}.Debug|Any CPU.Build.0 = Debug|Any CPU
		{E95782E1-158F-426A-9431-780F1E60B886}.Release|Any CPU.ActiveCfg = Release|Any CPU
		{E95782E1-158F-426A-9431-780F1E60B886}.Release|Any CPU.Build.0 = Release|Any CPU
		{B3052444-85EB-4DAC-81DB-6E6E622AEE61}.Debug|Any CPU.ActiveCfg = Debug|Any CPU
		{B3052444-85EB-4DAC-81DB-6E6E622AEE61}.Debug|Any CPU.Build.0 = Debug|Any CPU
		{B3052444-85EB-4DAC-81DB-6E6E622AEE61}.Release|Any CPU.ActiveCfg = Release|Any CPU
		{B3052444-85EB-4DAC-81DB-6E6E622AEE61}.Release|Any CPU.Build.0 = Release|Any CPU
		{7CDFDB41-A12A-4CA6-945D-3A3D690AF970}.Debug|Any CPU.ActiveCfg = Debug|Any CPU
		{7CDFDB41-A12A-4CA6-945D-3A3D690AF970}.Debug|Any CPU.Build.0 = Debug|Any CPU
		{7CDFDB41-A12A-4CA6-945D-3A3D690AF970}.Release|Any CPU.ActiveCfg = Release|Any CPU
		{7CDFDB41-A12A-4CA6-945D-3A3D690AF970}.Release|Any CPU.Build.0 = Release|Any CPU
	EndGlobalSection
	GlobalSection(SolutionProperties) = preSolution
		HideSolutionNode = FALSE
	EndGlobalSection
	GlobalSection(ExtensibilityGlobals) = postSolution
		SolutionGuid = {2E29DBAB-0D54-49C9-8EA1-9B879AAC8259}
	EndGlobalSection
EndGlobal
